<?xml version="1.0" encoding="utf-8"?>
<Project ToolsVersion="4.0" xmlns="http://schemas.microsoft.com/developer/msbuild/2003">
  <ItemGroup>
    <Filter Include="Исходные файлы">
      <UniqueIdentifier>{4FC737F1-C7A5-4376-A066-2A32D752A2FF}</UniqueIdentifier>
      <Extensions>cpp;c;cc;cxx;def;odl;idl;hpj;bat;asm;asmx</Extensions>
    </Filter>
    <Filter Include="Файлы заголовков">
      <UniqueIdentifier>{93995380-89BD-4b04-88EB-625FBE52EBFB}</UniqueIdentifier>
      <Extensions>h;hh;hpp;hxx;hm;inl;inc;xsd</Extensions>
    </Filter>
    <Filter Include="Файлы ресурсов">
      <UniqueIdentifier>{67DA6AB6-F800-4c08-8B7A-83BB121AAD01}</UniqueIdentifier>
      <Extensions>rc;ico;cur;bmp;dlg;rc2;rct;bin;rgs;gif;jpg;jpeg;jpe;resx;tiff;tif;png;wav;mfcribbon-ms</Extensions>
    </Filter>
    <Filter Include="Исходные файлы\core">
      <UniqueIdentifier>{4e7bab8e-490e-4b4a-ac6e-9f29e650ed49}</UniqueIdentifier>
    </Filter>
    <Filter Include="Файлы заголовков\core">
      <UniqueIdentifier>{02abd475-d738-40e3-90ec-e2aeabe90332}</UniqueIdentifier>
    </Filter>
    <Filter Include="Исходные файлы\core\midi">
      <UniqueIdentifier>{c8b2e059-d06d-4a5e-8078-568621d65694}</UniqueIdentifier>
    </Filter>
    <Filter Include="Файлы заголовков\core\midi">
      <UniqueIdentifier>{634a1f36-bfbf-452a-bace-055ec9a2bc11}</UniqueIdentifier>
    </Filter>
    <Filter Include="Исходные файлы\core\drawing">
      <UniqueIdentifier>{a0e4b3ee-c133-402a-9141-193a146ad369}</UniqueIdentifier>
    </Filter>
    <Filter Include="Файлы заголовков\core\drawing">
      <UniqueIdentifier>{b6a4436b-4c6b-4508-888c-acd279c891b9}</UniqueIdentifier>
    </Filter>
    <Filter Include="Файлы заголовков\util">
      <UniqueIdentifier>{70b533ea-b2bd-46aa-8c93-9d3316be8c48}</UniqueIdentifier>
    </Filter>
    <Filter Include="Исходные файлы\util">
      <UniqueIdentifier>{9f528361-b9ff-4337-bb22-0b3b086f04b6}</UniqueIdentifier>
    </Filter>
  </ItemGroup>
  <ItemGroup>
    <ClInclude Include="stdafx.h">
      <Filter>Файлы заголовков</Filter>
    </ClInclude>
    <ClInclude Include="targetver.h">
      <Filter>Файлы заголовков</Filter>
    </ClInclude>
    <ClInclude Include="resource.h">
      <Filter>Файлы заголовков</Filter>
    </ClInclude>
    <ClInclude Include="GuitarTabStudio.h">
      <Filter>Файлы заголовков</Filter>
    </ClInclude>
    <ClInclude Include="Core.h">
      <Filter>Файлы заголовков\core</Filter>
    </ClInclude>
    <ClInclude Include="Event.h">
      <Filter>Файлы заголовков\core</Filter>
    </ClInclude>
    <ClInclude Include="Midi.h">
      <Filter>Файлы заголовков\core\midi</Filter>
    </ClInclude>
    <ClInclude Include="MidiEvent.h">
      <Filter>Файлы заголовков\core\midi</Filter>
    </ClInclude>
    <ClInclude Include="MidiMessage.h">
      <Filter>Файлы заголовков\core\midi</Filter>
    </ClInclude>
    <ClInclude Include="MidiDevice.h">
      <Filter>Файлы заголовков\core\midi</Filter>
    </ClInclude>
    <ClInclude Include="Tact.h">
      <Filter>Файлы заголовков\core</Filter>
    </ClInclude>
    <ClInclude Include="Track.h">
      <Filter>Файлы заголовков\core</Filter>
    </ClInclude>
    <ClInclude Include="Sequence.h">
      <Filter>Файлы заголовков\core</Filter>
    </ClInclude>
    <ClInclude Include="Instrument.h">
      <Filter>Файлы заголовков\core</Filter>
    </ClInclude>
    <ClInclude Include="Composition.h">
      <Filter>Файлы заголовков\core</Filter>
    </ClInclude>
    <ClInclude Include="MidiPlayer.h">
      <Filter>Файлы заголовков\core\midi</Filter>
    </ClInclude>
    <ClInclude Include="Util.h">
      <Filter>Файлы заголовков\util</Filter>
    </ClInclude>
    <ClInclude Include="Callback.h">
      <Filter>Файлы заголовков\util</Filter>
    </ClInclude>
    <ClInclude Include="Timer.h">
      <Filter>Файлы заголовков\util</Filter>
    </ClInclude>
    <ClInclude Include="MidiComposition.h">
      <Filter>Файлы заголовков\core\midi</Filter>
    </ClInclude>
  </ItemGroup>
  <ItemGroup>
    <ClCompile Include="stdafx.cpp">
      <Filter>Исходные файлы</Filter>
    </ClCompile>
    <ClCompile Include="GuitarTabStudio.cpp">
      <Filter>Исходные файлы</Filter>
    </ClCompile>
    <ClCompile Include="Event.cpp">
      <Filter>Исходные файлы\core</Filter>
    </ClCompile>
    <ClCompile Include="MidiEvent.cpp">
      <Filter>Исходные файлы\core\midi</Filter>
    </ClCompile>
    <ClCompile Include="MidiMessage.cpp">
      <Filter>Исходные файлы\core\midi</Filter>
    </ClCompile>
    <ClCompile Include="MidiDevice.cpp">
      <Filter>Исходные файлы\core\midi</Filter>
    </ClCompile>
    <ClCompile Include="Tact.cpp">
      <Filter>Исходные файлы\core</Filter>
    </ClCompile>
    <ClCompile Include="Midi.cpp">
      <Filter>Исходные файлы\core\midi</Filter>
    </ClCompile>
    <ClCompile Include="Track.cpp">
      <Filter>Исходные файлы\core</Filter>
    </ClCompile>
    <ClCompile Include="Sequence.cpp">
      <Filter>Исходные файлы\core</Filter>
    </ClCompile>
    <ClCompile Include="Instrument.cpp">
      <Filter>Исходные файлы\core</Filter>
    </ClCompile>
    <ClCompile Include="Composition.cpp">
      <Filter>Исходные файлы\core</Filter>
    </ClCompile>
    <ClCompile Include="MidiPlayer.cpp">
      <Filter>Исходные файлы\core\midi</Filter>
    </ClCompile>
    <ClCompile Include="Timer.cpp">
      <Filter>Исходные файлы\util</Filter>
    </ClCompile>
    <ClCompile Include="MidiComposition.cpp">
      <Filter>Исходные файлы\core\midi</Filter>
    </ClCompile>
  </ItemGroup>
  <ItemGroup>
    <ResourceCompile Include="GuitarTabStudio.rc">
      <Filter>Файлы ресурсов</Filter>
    </ResourceCompile>
  </ItemGroup>
  <ItemGroup>
    <Image Include="small.ico">
      <Filter>Файлы ресурсов</Filter>
    </Image>
    <Image Include="GuitarTabStudio.ico">
      <Filter>Файлы ресурсов</Filter>
    </Image>
  </ItemGroup>
</Project>